
Microsoft Visual Studio Solution File, Format Version 12.00
# Visual Studio 15
VisualStudioVersion = 15.0.27703.2000
MinimumVisualStudioVersion = 10.0.40219.1
Project("{FAE04EC0-301F-11D3-BF4B-00C04F79EFBC}") = "Factory", "Factory\Factory.csproj", "{C8166908-40EC-4131-A7AD-9AEB9A7198FF}"
EndProject
Global
	GlobalSection(SolutionConfigurationPlatforms) = preSolution
		Debug|Any CPU = Debug|Any CPU
		Release|Any CPU = Release|Any CPU
	EndGlobalSection
	GlobalSection(ProjectConfigurationPlatforms) = postSolution
		{C8166908-40EC-4131-A7AD-9AEB9A7198FF}.Debug|Any CPU.ActiveCfg = Debug|Any CPU
		{C8166908-40EC-4131-A7AD-9AEB9A7198FF}.Debug|Any CPU.Build.0 = Debug|Any CPU
		{C8166908-40EC-4131-A7AD-9AEB9A7198FF}.Release|Any CPU.ActiveCfg = Release|Any CPU
		{C8166908-40EC-4131-A7AD-9AEB9A7198FF}.Release|Any CPU.Build.0 = Release|Any CPU
	EndGlobalSection
	GlobalSection(SolutionProperties) = preSolution
		HideSolutionNode = FALSE
	EndGlobalSection
	GlobalSection(ExtensibilityGlobals) = postSolution
		SolutionGuid = {F63B0CF4-FDE2-4696-AB2C-EB8A1C627C8F}
	EndGlobalSection
EndGlobal
